{
  "originHash" : "60d9ba7c6c0f9094eb2252373e20e5c8a713ddc3c9b7c474d91880c8abd1607e",
  "pins" : [
    {
      "identity" : "mmkv",
      "kind" : "remoteSourceControl",
      "location" : "https://github.com/Tencent/MMKV.git",
      "state" : {
        "branch" : "master",
        "revision" : "5028f5d0467a44ba5afc7447880d2f5bb3d80feb"
      }
    }
  ],
  "version" : 3
}
